{
  "nodes": {
    "nixpkgs": {
      "locked": {
        "lastModified": 1659487974,
        "narHash": "sha256-CVGOtR/Wyq3TVCjf8/kdnYD5G2JwUKUQVtd+5WIDTuY=",
        "owner": "NixOS",
        "repo": "nixpkgs",
        "rev": "12363fb6d89859a37cd7e27f85288599f13e49d9",
        "type": "github"
      },
      "original": {
        "id": "nixpkgs",
        "ref": "nixos-unstable",
        "type": "indirect"
      }
    },
    "root": {
      "inputs": {
        "nixpkgs": "nixpkgs"
      }
    }
  },
  "root": "root",
  "version": 7
}
