github.com/beorn7/perks v1.0.1 h1:VlbKKnNfV8bJzeqoa4cOKqO6bYr3WgKZxO8Z16+hsOM=
github.com/beorn7/perks v1.0.1/go.mod h1:G2ZrVWU2WbWT9wwq4/hrbKbnv/1ERSJQ0ibhJ6rlkpw=
github.com/cespare/xxhash/v2 v2.2.0 h1:DC2CZ1Ep5Y4k3ZQ899DldepgrayRUGE6BBZ/cd9Cj44=
github.com/cespare/xxhash/v2 v2.2.0/go.mod h1:VGX0DQ3Q6kWi7AoAeZDth3/j3BFtOZR5XLFGgcrjCOs=
github.com/davecgh/go-spew v1.1.1 h1:vj9j/u1bqnvCEfJOwUhtlOARqs3+rkHYY13jYWTU97c=
github.com/dvyukov/go-fuzz v0.0.0-20210103155950-6a8e9d1f2415/go.mod h1:11Gm+ccJnvAhCNLlf5+cS9KjtbaD5I5zaZpFMsTHWTw=
github.com/facebookgo/ensure v0.0.0-20200202191622-63f1cf65ac4c h1:8ISkoahWXwZR41ois5lSJBSVw4D0OV19Ht/JSTzvSv0=
github.com/facebookgo/ensure v0.0.0-20200202191622-63f1cf65ac4c/go.mod h1:Yg+htXGokKKdzcwhuNDwVvN+uBxDGXJ7G/VN1d8fa64=
github.com/facebookgo/flagenv v0.0.0-20160425205200-fcd59fca7456 h1:CkmB2l68uhvRlwOTPrwnuitSxi/S3Cg4L5QYOcL9MBc=
github.com/facebookgo/flagenv v0.0.0-20160425205200-fcd59fca7456/go.mod h1:zFhibDvPDWmtk4dAQ05sRobtyoffEHygEt3wSNuAzz8=
github.com/facebookgo/stack v0.0.0-20160209184415-751773369052 h1:JWuenKqqX8nojtoVVWjGfOF9635RETekkoH6Cc9SX0A=
github.com/facebookgo/stack v0.0.0-20160209184415-751773369052/go.mod h1:UbMTZqLaRiH3MsBH8va0n7s1pQYcu3uTb8G4tygF4Zg=
github.com/facebookgo/subset v0.0.0-20200203212716-c811ad88dec4 h1:7HZCaLC5+BZpmbhCOZJ293Lz68O7PYrF2EzeiFMwCLk=
github.com/facebookgo/subset v0.0.0-20200203212716-c811ad88dec4/go.mod h1:5tD+neXqOorC30/tWg0LCSkrqj/AR6gu8yY8/fpw1q0=
github.com/golang/protobuf v1.2.0/go.mod h1:6lQm79b+lXiMfvg/cZm0SGofjICqVBUtrP5yJMmIC1U=
github.com/golang/protobuf v1.3.5/go.mod h1:6O5/vntMXwX2lRkT1hjjk0nAC1IDOTvTlVgjlRvqsdk=
github.com/golang/protobuf v1.5.0/go.mod h1:FsONVRAS9T7sI+LIUmWTfcYkHO4aIWwzhcaSAoJOfIk=
github.com/golang/protobuf v1.5.3 h1:KhyjKVUg7Usr/dYsdSqoFveMYd5ko72D+zANwlG1mmg=
github.com/golang/protobuf v1.5.3/go.mod h1:XVQd3VNwM+JqD3oG2Ue2ip4fOMUkwXdXDdiuN0vRsmY=
github.com/google/go-cmp v0.5.5/go.mod h1:v8dTdLbMG2kIc/vJvl+f65V22dbkXbowE6jgT/gNBxE=
github.com/google/go-cmp v0.5.9 h1:O2Tfq5qg4qc4AmwVlvv0oLiVAGB7enBSJ2x2DqQFi38=
github.com/matttproud/golang_protobuf_extensions v1.0.4 h1:mmDVorXM7PCGKw94cs5zkfA9PSy5pEvNWRP0ET0TIVo=
github.com/matttproud/golang_protobuf_extensions v1.0.4/go.mod h1:BSXmuO+STAnVfrANrmjBb36TMTDstsz7MSK+HVaYKv4=
github.com/mdlayher/sdnotify v1.0.0 h1:Ma9XeLVN/l0qpyx1tNeMSeTjCPH6NtuD6/N9XdTlQ3c=
github.com/mdlayher/sdnotify v1.0.0/go.mod h1:HQUmpM4XgYkhDLtd+Uad8ZFK1T9D5+pNxnXQjCeJlGE=
github.com/pkg/errors v0.8.0/go.mod h1:bwawxfHBFNV+L2hUp1rHADufV3IMtnDRdf1r5NINEl0=
github.com/pkg/errors v0.8.1 h1:iURUrRGxPUNPdy5/HRSm+Yj6okJ6UtLINN0Q9M4+h3I=
github.com/pkg/errors v0.8.1/go.mod h1:bwawxfHBFNV+L2hUp1rHADufV3IMtnDRdf1r5NINEl0=
github.com/prometheus/client_golang v1.15.0 h1:5fCgGYogn0hFdhyhLbw7hEsWxufKtY9klyvdNfFlFhM=
github.com/prometheus/client_golang v1.15.0/go.mod h1:e9yaBhRPU2pPNsZwE+JdQl0KEt1N9XgF6zxWmaC0xOk=
github.com/prometheus/client_model v0.3.0 h1:UBgGFHqYdG/TPFD1B1ogZywDqEkwp3fBMvqdiQ7Xew4=
github.com/prometheus/client_model v0.3.0/go.mod h1:LDGWKZIo7rky3hgvBe+caln+Dr3dPggB5dvjtD7w9+w=
github.com/prometheus/common v0.42.0 h1:EKsfXEYo4JpWMHH5cg+KOUWeuJSov1Id8zGR8eeI1YM=
github.com/prometheus/common v0.42.0/go.mod h1:xBwqVerjNdUDjgODMpudtOMwlOwf2SaTr1yjz4b7Zbc=
github.com/prometheus/procfs v0.9.0 h1:wzCHvIvM5SxWqYvwgVL7yJY8Lz3PKn49KQtpgMYJfhI=
github.com/prometheus/procfs v0.9.0/go.mod h1:+pB4zwohETzFnmlpe6yd2lSc+0/46IYZRB/chUwxUZY=
github.com/yuin/goldmark v1.2.1/go.mod h1:3hX8gzYuyVAZsxl0MRgGTJEmQBFcNTphYh9decYSb74=
go4.org/intern v0.0.0-20211027215823-ae77deb06f29/go.mod h1:cS2ma+47FKrLPdXFpr7CuxiTW3eyJbWew4qx0qtQWDA=
go4.org/intern v0.0.0-20230205224052-192e9f60865c h1:b8WZ7Ja8nKegYxfwDLLwT00ZKv4lXAQrw8LYPK+cHSI=
go4.org/intern v0.0.0-20230205224052-192e9f60865c/go.mod h1:RJ0SVrOMpxLhgb5noIV+09zI1RsRlMsbUcSxpWHqbrE=
go4.org/unsafe/assume-no-moving-gc v0.0.0-20211027215541-db492cf91b37/go.mod h1:FftLjUGFEDu5k8lt0ddY+HcrH/qU/0qk+H8j9/nTl3E=
go4.org/unsafe/assume-no-moving-gc v0.0.0-20220617031537-928513b29760/go.mod h1:FftLjUGFEDu5k8lt0ddY+HcrH/qU/0qk+H8j9/nTl3E=
go4.org/unsafe/assume-no-moving-gc v0.0.0-20230204201903-c31fa085b70e/go.mod h1:FftLjUGFEDu5k8lt0ddY+HcrH/qU/0qk+H8j9/nTl3E=
go4.org/unsafe/assume-no-moving-gc v0.0.0-20230221090011-e4bae7ad2296 h1:QJ/xcIANMLApehfgPCHnfK1hZiaMmbaTVmPv7DAoTbo=
go4.org/unsafe/assume-no-moving-gc v0.0.0-20230221090011-e4bae7ad2296/go.mod h1:FftLjUGFEDu5k8lt0ddY+HcrH/qU/0qk+H8j9/nTl3E=
golang.org/x/crypto v0.0.0-20190308221718-c2843e01d9a2/go.mod h1:djNgcEr1/C05ACkg1iLfiJU5Ep61QUkGW8qpdssI0+w=
golang.org/x/crypto v0.0.0-20191011191535-87dc89f01550/go.mod h1:yigFU9vqHzYiE8UmvKecakEJjdnWj3jj499lnFckfCI=
golang.org/x/crypto v0.0.0-20200622213623-75b288015ac9/go.mod h1:LzIPMQfyMNhhGPhUkYOs5KpL4U8rLKemX1yGLhDgUto=
golang.org/x/mod v0.3.0/go.mod h1:s0Qsj1ACt9ePp/hMypM3fl4fZqREWJwdYDEqhRiZZUA=
golang.org/x/net v0.0.0-20180811021610-c39426892332/go.mod h1:mL1N/T3taQHkDXs73rZJwtUhF3w3ftmwwsq0BUmARs4=
golang.org/x/net v0.0.0-20190404232315-eb5bcb51f2a3/go.mod h1:t9HGtf8HONx5eT2rtn7q6eTqICYqUVnKs3thJo3Qplg=
golang.org/x/net v0.0.0-20190620200207-3b0461eec859/go.mod h1:z5CRVTTTmAJ677TzLLGU+0bjPO0LkuOLi4/5GtJWs/s=
golang.org/x/net v0.0.0-20201021035429-f5854403a974/go.mod h1:sp8m0HH+o8qH0wwXwYZr8TS3Oi6o0r6Gce1SSxlDquU=
golang.org/x/sync v0.0.0-20181221193216-37e7f081c4d4/go.mod h1:RxMgew5VJxzue5/jJTE5uejpjVlOe/izrB70Jof72aM=
golang.org/x/sync v0.0.0-20190423024810-112230192c58/go.mod h1:RxMgew5VJxzue5/jJTE5uejpjVlOe/izrB70Jof72aM=
golang.org/x/sync v0.0.0-20201020160332-67f06af15bc9/go.mod h1:RxMgew5VJxzue5/jJTE5uejpjVlOe/izrB70Jof72aM=
golang.org/x/sys v0.0.0-20190215142949-d0b11bdaac8a/go.mod h1:STP8DvDyc/dI5b8T5hshtkjS+E42TnysNCUPdjciGhY=
golang.org/x/sys v0.0.0-20190412213103-97732733099d/go.mod h1:h1NjWce9XRLGQEsW7wpKNCjG9DtNlClVuFLEZdDNbEs=
golang.org/x/sys v0.0.0-20200930185726-fdedc70b468f/go.mod h1:h1NjWce9XRLGQEsW7wpKNCjG9DtNlClVuFLEZdDNbEs=
golang.org/x/sys v0.0.0-20210119212857-b64e53b001e4/go.mod h1:h1NjWce9XRLGQEsW7wpKNCjG9DtNlClVuFLEZdDNbEs=
golang.org/x/sys v0.7.0 h1:3jlCCIQZPdOYu1h8BkNvLz8Kgwtae2cagcG/VamtZRU=
golang.org/x/sys v0.7.0/go.mod h1:oPkhp1MJrh7nUepCBck5+mAzfO9JrbApNNgaTdGDITg=
golang.org/x/text v0.3.0/go.mod h1:NqM8EUOU14njkJ3fqMW+pc6Ldnwhi/IjpwHt7yyuwOQ=
golang.org/x/text v0.3.3/go.mod h1:5Zoc/QRtKVWzQhOtBMvqHzDpF6irO9z98xDceosuGiQ=
golang.org/x/tools v0.0.0-20180917221912-90fa682c2a6e/go.mod h1:n7NCudcB/nEzxVGmLbDWY5pfWTLqBcC2KZ6jyYvM4mQ=
golang.org/x/tools v0.0.0-20191119224855-298f0cb1881e/go.mod h1:b+2E5dAYhXwXZwtnZ6UAqBI28+e2cm9otk0dWdXHAEo=
golang.org/x/tools v0.1.0/go.mod h1:xkSsbof2nBLbhDlRMhhhyNLN/zl3eTqcnHD5viDpcZ0=
golang.org/x/xerrors v0.0.0-20190717185122-a985d3407aa7/go.mod h1:I/5z698sn9Ka8TeJc9MKroUUfqBBauWjQqLJ2OPfmY0=
golang.org/x/xerrors v0.0.0-20191011141410-1b5146add898/go.mod h1:I/5z698sn9Ka8TeJc9MKroUUfqBBauWjQqLJ2OPfmY0=
golang.org/x/xerrors v0.0.0-20191204190536-9bdfabe68543/go.mod h1:I/5z698sn9Ka8TeJc9MKroUUfqBBauWjQqLJ2OPfmY0=
golang.org/x/xerrors v0.0.0-20200804184101-5ec99f83aff1/go.mod h1:I/5z698sn9Ka8TeJc9MKroUUfqBBauWjQqLJ2OPfmY0=
google.golang.org/protobuf v1.26.0-rc.1/go.mod h1:jlhhOSvTdKEhbULTjvd4ARK9grFBp09yW+WbY/TyQbw=
google.golang.org/protobuf v1.26.0/go.mod h1:9q0QmTI4eRPtz6boOQmLYwt+qCgq0jsYwAQnmE0givc=
google.golang.org/protobuf v1.30.0 h1:kPPoIgf3TsEvrm0PFe15JQ+570QVxYzEvvHqChK+cng=
google.golang.org/protobuf v1.30.0/go.mod h1:HV8QOd/L58Z+nl8r43ehVNZIU/HEI6OcFqwMG9pJV4I=
inet.af/netaddr v0.0.0-20220811202034-502d2d690317 h1:U2fwK6P2EqmopP/hFLTOAjWTki0qgd4GMJn5X8wOleU=
inet.af/netaddr v0.0.0-20220811202034-502d2d690317/go.mod h1:OIezDfdzOgFhuw4HuWapWq2e9l0H9tK4F1j+ETRtF3k=
within.website/ln v0.9.1 h1:Qi8IjeCnU43jXijKtr5qtcbjuiCVAudOIxqTim7svnc=
within.website/ln v0.9.1/go.mod h1:I+Apk8qxMStNXTZdyDMqDqe6CB8Hn6+W/Gyf5QbY+2E=
